{
  "nodes": {
    "baikai-src": {
      "flake": false,
      "locked": {
        "lastModified": 1784593450,
        "narHash": "sha256-KrKZUdRiymrVJ2kfSNcHeZR1agi1/gG6Uxi0xPHTahI=",
        "owner": "shinzui",
        "repo": "baikai",
        "rev": "4b2c991246b246c061a62112ce94a96bf2ee76b6",
        "type": "github"
      },
      "original": {
        "owner": "shinzui",
        "repo": "baikai",
        "type": "github"
      }
    },
    "keiro-src": {
      "flake": false,
      "locked": {
        "lastModified": 1784079325,
        "narHash": "sha256-OzayfuZCyOW6KCndP75BN+koRDdMXWiDqoUET0wYVXo=",
        "owner": "shinzui",
        "repo": "keiro",
        "rev": "29bd7952fa5201adf789bbb21427b2cffe228d4b",
        "type": "github"
      },
      "original": {
        "owner": "shinzui",
        "repo": "keiro",
        "type": "github"
      }
    },
    "kioku-src": {
      "flake": false,
      "locked": {
        "lastModified": 1784050025,
        "narHash": "sha256-yBu8wQ0H5J58i2gyZI7ZQctDg5Mc78UE3iqw+gptJyE=",
        "owner": "shinzui",
        "repo": "kioku",
        "rev": "a99aa369701a76278ca33d83f8416dee443fa645",
        "type": "github"
      },
      "original": {
        "owner": "shinzui",
        "repo": "kioku",
        "type": "github"
      }
    },
    "kiroku-src": {
      "flake": false,
      "locked": {
        "lastModified": 1784038159,
        "narHash": "sha256-XAFfhYHPcv/wbYxxXO77A5My7/saha289HsJO5/QnqQ=",
        "owner": "shinzui",
        "repo": "kiroku",
        "rev": "58aff77b3a6d6093e3613753a0543aab62db9fac",
        "type": "github"
      },
      "original": {
        "owner": "shinzui",
        "repo": "kiroku",
        "type": "github"
      }
    },
    "nixpkgs": {
      "locked": {
        "lastModified": 1772173633,
        "narHash": "sha256-MOH58F4AIbCkh6qlQcwMycyk5SWvsqnS/TCfnqDlpj4=",
        "owner": "NixOS",
        "repo": "nixpkgs",
        "rev": "c0f3d81a7ddbc2b1332be0d8481a672b4f6004d6",
        "type": "github"
      },
      "original": {
        "owner": "NixOS",
        "ref": "nixpkgs-unstable",
        "repo": "nixpkgs",
        "type": "github"
      }
    },
    "okf-src": {
      "flake": false,
      "locked": {
        "lastModified": 1785074902,
        "narHash": "sha256-t8jWKH6Eg3G77ttingan46fKVvTpqsKTgeKvMWfvlr0=",
        "owner": "shinzui",
        "repo": "okf",
        "rev": "18bcd46b26b79f72f2b2e2becd4582d7e19ccc37",
        "type": "github"
      },
      "original": {
        "owner": "shinzui",
        "repo": "okf",
        "type": "github"
      }
    },
    "openapi-hs-src": {
      "flake": false,
      "locked": {
        "lastModified": 1784666864,
        "narHash": "sha256-2dgC1aL4L3W5ABzsvaBIT7KLSypZpGihZbdFHFfMrhs=",
        "owner": "shinzui",
        "repo": "openapi-hs",
        "rev": "06fc11713094bf39ac00353b052f4ded5a534567",
        "type": "github"
      },
      "original": {
        "owner": "shinzui",
        "repo": "openapi-hs",
        "type": "github"
      }
    },
    "pg-migrate-src": {
      "flake": false,
      "locked": {
        "lastModified": 1783976259,
        "narHash": "sha256-gtSy0iWe+pe6wEHqm8OgvwMI13jNVul+5p7q36LV64E=",
        "owner": "shinzui",
        "repo": "pg-migrate",
        "rev": "f39d64e354818999667d345a1452f33eb4857fc1",
        "type": "github"
      },
      "original": {
        "owner": "shinzui",
        "repo": "pg-migrate",
        "type": "github"
      }
    },
    "pgmq-hs-src": {
      "flake": false,
      "locked": {
        "lastModified": 1784054261,
        "narHash": "sha256-2UEv+L7kMLrAojU9yNf7FGxgeffPrZnwyZ1YJ9M9gvI=",
        "owner": "shinzui",
        "repo": "pgmq-hs",
        "rev": "f4a101843ea6f5c055277fd84859ece02865eff4",
        "type": "github"
      },
      "original": {
        "owner": "shinzui",
        "repo": "pgmq-hs",
        "type": "github"
      }
    },
    "relay-pagination-src": {
      "flake": false,
      "locked": {
        "lastModified": 1784243082,
        "narHash": "sha256-kprMYSNZiexZz7AlBg3srITq6o4QagyrzNZH+OmbQwE=",
        "owner": "shinzui",
        "repo": "relay-pagination",
        "rev": "634ef07eaa27676be0edda330209f0710abb145b",
        "type": "github"
      },
      "original": {
        "owner": "shinzui",
        "repo": "relay-pagination",
        "type": "github"
      }
    },
    "root": {
      "inputs": {
        "baikai-src": "baikai-src",
        "keiro-src": "keiro-src",
        "kioku-src": "kioku-src",
        "kiroku-src": "kiroku-src",
        "nixpkgs": "nixpkgs",
        "okf-src": "okf-src",
        "openapi-hs-src": "openapi-hs-src",
        "pg-migrate-src": "pg-migrate-src",
        "pgmq-hs-src": "pgmq-hs-src",
        "relay-pagination-src": "relay-pagination-src",
        "servant-openapi-hs-src": "servant-openapi-hs-src",
        "settei-src": "settei-src",
        "shibuya-src": "shibuya-src",
        "shikumi-src": "shikumi-src"
      }
    },
    "servant-openapi-hs-src": {
      "flake": false,
      "locked": {
        "lastModified": 1784670356,
        "narHash": "sha256-4U2GKooWZyJQlCBPqrbzVrEAFdNStQPoI7ne8M8iwFY=",
        "owner": "shinzui",
        "repo": "servant-openapi-hs",
        "rev": "5eef3d48fc9c6efb5eeae1877e031bbc4e1b7190",
        "type": "github"
      },
      "original": {
        "owner": "shinzui",
        "repo": "servant-openapi-hs",
        "type": "github"
      }
    },
    "settei-src": {
      "flake": false,
      "locked": {
        "lastModified": 1784521789,
        "narHash": "sha256-bXMbbCerfobJHs45KQrjyp2H9VS4tKuK7EEFySYgJqQ=",
        "owner": "shinzui",
        "repo": "settei",
        "rev": "1bf62b0af110b4f42fe2528e9d459e0ccf12d626",
        "type": "github"
      },
      "original": {
        "owner": "shinzui",
        "repo": "settei",
        "type": "github"
      }
    },
    "shibuya-src": {
      "flake": false,
      "locked": {
        "lastModified": 1783204727,
        "narHash": "sha256-b1NoMQDlz876+H8zJ/KUgb+9cWWZXy04jGgXX3GfDpA=",
        "owner": "shinzui",
        "repo": "shibuya",
        "rev": "172df245f40a454af46dd7f4cde855eaa4414c5a",
        "type": "github"
      },
      "original": {
        "owner": "shinzui",
        "repo": "shibuya",
        "type": "github"
      }
    },
    "shikumi-src": {
      "flake": false,
      "locked": {
        "lastModified": 1784597799,
        "narHash": "sha256-DC9T4xifsc/i0wMZPTLRwPDUzR0wGGjALKAWqUGLjqg=",
        "owner": "shinzui",
        "repo": "shikumi",
        "rev": "580b6c70a58bc96a8d52502c2e7c9376d2c46a15",
        "type": "github"
      },
      "original": {
        "owner": "shinzui",
        "repo": "shikumi",
        "type": "github"
      }
    }
  },
  "root": "root",
  "version": 7
}
