{
  "nodes": {
    "baikai-src": {
      "flake": false,
      "locked": {
        "lastModified": 1786416009,
        "narHash": "sha256-ObgOQGzJDydAKLYntFYNRsZo7UckWL/ZlEYYnRVm/6U=",
        "owner": "shinzui",
        "repo": "baikai",
        "rev": "768048f7e0e4524bf203f1eb7d6947de1231740d",
        "type": "github"
      },
      "original": {
        "owner": "shinzui",
        "repo": "baikai",
        "type": "github"
      }
    },
    "keiki-src": {
      "flake": false,
      "locked": {
        "lastModified": 1785900948,
        "narHash": "sha256-VJ2NRVoIrXjdj1YaEPKdB+7Jid7UeQ9Dx95ODg2pbBk=",
        "owner": "shinzui",
        "repo": "keiki",
        "rev": "9714d37033c37595e3aaa3319ca0ca77466782e0",
        "type": "github"
      },
      "original": {
        "owner": "shinzui",
        "repo": "keiki",
        "type": "github"
      }
    },
    "keiro-src": {
      "flake": false,
      "locked": {
        "lastModified": 1785992394,
        "narHash": "sha256-ejyzuwNMzbQ1JqkauGyLuel0jUowUV1bs2zBGCew/U0=",
        "owner": "shinzui",
        "repo": "keiro",
        "rev": "7d7a200b25abfaeba006933bab6e3defc198b548",
        "type": "github"
      },
      "original": {
        "owner": "shinzui",
        "repo": "keiro",
        "type": "github"
      }
    },
    "kioku-src": {
      "flake": false,
      "locked": {
        "lastModified": 1784050025,
        "narHash": "sha256-yBu8wQ0H5J58i2gyZI7ZQctDg5Mc78UE3iqw+gptJyE=",
        "owner": "shinzui",
        "repo": "kioku",
        "rev": "a99aa369701a76278ca33d83f8416dee443fa645",
        "type": "github"
      },
      "original": {
        "owner": "shinzui",
        "repo": "kioku",
        "type": "github"
      }
    },
    "kiroku-src": {
      "flake": false,
      "locked": {
        "lastModified": 1784038159,
        "narHash": "sha256-XAFfhYHPcv/wbYxxXO77A5My7/saha289HsJO5/QnqQ=",
        "owner": "shinzui",
        "repo": "kiroku",
        "rev": "58aff77b3a6d6093e3613753a0543aab62db9fac",
        "type": "github"
      },
      "original": {
        "owner": "shinzui",
        "repo": "kiroku",
        "type": "github"
      }
    },
    "nixpkgs": {
      "locked": {
        "lastModified": 1772173633,
        "narHash": "sha256-MOH58F4AIbCkh6qlQcwMycyk5SWvsqnS/TCfnqDlpj4=",
        "owner": "NixOS",
        "repo": "nixpkgs",
        "rev": "c0f3d81a7ddbc2b1332be0d8481a672b4f6004d6",
        "type": "github"
      },
      "original": {
        "owner": "NixOS",
        "ref": "nixpkgs-unstable",
        "repo": "nixpkgs",
        "type": "github"
      }
    },
    "okf-src": {
      "flake": false,
      "locked": {
        "lastModified": 1786479615,
        "narHash": "sha256-S7d3MMTniX1CzacmUlqTFb5/do9/8QO3E+APyRsaNAI=",
        "owner": "shinzui",
        "repo": "okf",
        "rev": "faddbe9ca366481d4c6faaf1181c882fae35abb7",
        "type": "github"
      },
      "original": {
        "owner": "shinzui",
        "repo": "okf",
        "type": "github"
      }
    },
    "openapi-hs-src": {
      "flake": false,
      "locked": {
        "lastModified": 1784666864,
        "narHash": "sha256-2dgC1aL4L3W5ABzsvaBIT7KLSypZpGihZbdFHFfMrhs=",
        "owner": "shinzui",
        "repo": "openapi-hs",
        "rev": "06fc11713094bf39ac00353b052f4ded5a534567",
        "type": "github"
      },
      "original": {
        "owner": "shinzui",
        "repo": "openapi-hs",
        "type": "github"
      }
    },
    "pg-migrate-src": {
      "flake": false,
      "locked": {
        "lastModified": 1783976259,
        "narHash": "sha256-gtSy0iWe+pe6wEHqm8OgvwMI13jNVul+5p7q36LV64E=",
        "owner": "shinzui",
        "repo": "pg-migrate",
        "rev": "f39d64e354818999667d345a1452f33eb4857fc1",
        "type": "github"
      },
      "original": {
        "owner": "shinzui",
        "repo": "pg-migrate",
        "type": "github"
      }
    },
    "pgmq-hs-src": {
      "flake": false,
      "locked": {
        "lastModified": 1786224691,
        "narHash": "sha256-9nB0ASeoNyQCn8AoQJEhSbLaz9zsfGM/acXU+id7Qc0=",
        "owner": "shinzui",
        "repo": "pgmq-hs",
        "rev": "9ee9a2f30fc461244ed7539fbfe2165d9f80df91",
        "type": "github"
      },
      "original": {
        "owner": "shinzui",
        "repo": "pgmq-hs",
        "type": "github"
      }
    },
    "relay-pagination-src": {
      "flake": false,
      "locked": {
        "lastModified": 1784243082,
        "narHash": "sha256-kprMYSNZiexZz7AlBg3srITq6o4QagyrzNZH+OmbQwE=",
        "owner": "shinzui",
        "repo": "relay-pagination",
        "rev": "634ef07eaa27676be0edda330209f0710abb145b",
        "type": "github"
      },
      "original": {
        "owner": "shinzui",
        "repo": "relay-pagination",
        "type": "github"
      }
    },
    "root": {
      "inputs": {
        "baikai-src": "baikai-src",
        "keiki-src": "keiki-src",
        "keiro-src": "keiro-src",
        "kioku-src": "kioku-src",
        "kiroku-src": "kiroku-src",
        "nixpkgs": "nixpkgs",
        "okf-src": "okf-src",
        "openapi-hs-src": "openapi-hs-src",
        "pg-migrate-src": "pg-migrate-src",
        "pgmq-hs-src": "pgmq-hs-src",
        "relay-pagination-src": "relay-pagination-src",
        "servant-openapi-hs-src": "servant-openapi-hs-src",
        "settei-src": "settei-src",
        "shibuya-src": "shibuya-src",
        "shikumi-src": "shikumi-src"
      }
    },
    "servant-openapi-hs-src": {
      "flake": false,
      "locked": {
        "lastModified": 1784670356,
        "narHash": "sha256-4U2GKooWZyJQlCBPqrbzVrEAFdNStQPoI7ne8M8iwFY=",
        "owner": "shinzui",
        "repo": "servant-openapi-hs",
        "rev": "5eef3d48fc9c6efb5eeae1877e031bbc4e1b7190",
        "type": "github"
      },
      "original": {
        "owner": "shinzui",
        "repo": "servant-openapi-hs",
        "type": "github"
      }
    },
    "settei-src": {
      "flake": false,
      "locked": {
        "lastModified": 1784521789,
        "narHash": "sha256-bXMbbCerfobJHs45KQrjyp2H9VS4tKuK7EEFySYgJqQ=",
        "owner": "shinzui",
        "repo": "settei",
        "rev": "1bf62b0af110b4f42fe2528e9d459e0ccf12d626",
        "type": "github"
      },
      "original": {
        "owner": "shinzui",
        "repo": "settei",
        "type": "github"
      }
    },
    "shibuya-src": {
      "flake": false,
      "locked": {
        "lastModified": 1786391485,
        "narHash": "sha256-DqjTOmDS4lMkougeDhyyFIER/Etyp6nulz2NGD9I0do=",
        "owner": "shinzui",
        "repo": "shibuya",
        "rev": "daa1e0c8726bd407288bbeb065146e01a63a4046",
        "type": "github"
      },
      "original": {
        "owner": "shinzui",
        "repo": "shibuya",
        "type": "github"
      }
    },
    "shikumi-src": {
      "flake": false,
      "locked": {
        "lastModified": 1786198021,
        "narHash": "sha256-rC8/QNm6MZxNEEUrmjd39BepD8TRLkYR6qPBw3VF6wU=",
        "owner": "shinzui",
        "repo": "shikumi",
        "rev": "11ba97d51fd1a97fd90857193eb8f3869fb181c8",
        "type": "github"
      },
      "original": {
        "owner": "shinzui",
        "repo": "shikumi",
        "type": "github"
      }
    }
  },
  "root": "root",
  "version": 7
}
