{
  "nodes": {
    "baikai-src": {
      "flake": false,
      "locked": {
        "lastModified": 1788148741,
        "narHash": "sha256-osXVUKrwQzKkrxyxOjJTH/T1NbeuvzYVCRHXN8lATJ8=",
        "owner": "shinzui",
        "repo": "baikai",
        "rev": "f71bfd7afa49bb78f77d2eef378792fb9a624ecd",
        "type": "github"
      },
      "original": {
        "owner": "shinzui",
        "repo": "baikai",
        "type": "github"
      }
    },
    "keiki-src": {
      "flake": false,
      "locked": {
        "lastModified": 1787288082,
        "narHash": "sha256-Vn0+26xZR6gQ5o61NGgtXicYpHULgfDlA4mH/JdxIfA=",
        "owner": "shinzui",
        "repo": "keiki",
        "rev": "15bc83b1eb38d78488862f24bb1d873aa32a919a",
        "type": "github"
      },
      "original": {
        "owner": "shinzui",
        "repo": "keiki",
        "type": "github"
      }
    },
    "keiro-src": {
      "flake": false,
      "locked": {
        "lastModified": 1788147275,
        "narHash": "sha256-+L6PLRHWGaAL1zfGf6A3ZwNZ9Jo/3/pxnVLxeUCGYjo=",
        "owner": "shinzui",
        "repo": "keiro",
        "rev": "de574cdcb0add3fefbb0fdd96d820258d15f8997",
        "type": "github"
      },
      "original": {
        "owner": "shinzui",
        "repo": "keiro",
        "type": "github"
      }
    },
    "kioku-src": {
      "flake": false,
      "locked": {
        "lastModified": 1787431237,
        "narHash": "sha256-efR4b7e7tICqObVWaZ3gsq8onS49DvGfZLsGCh2K/uc=",
        "owner": "shinzui",
        "repo": "kioku",
        "rev": "dd76c1346a93b7fd41e9805b98cfb58eb8cea1b9",
        "type": "github"
      },
      "original": {
        "owner": "shinzui",
        "repo": "kioku",
        "type": "github"
      }
    },
    "kiroku-src": {
      "flake": false,
      "locked": {
        "lastModified": 1786969385,
        "narHash": "sha256-1A0jlVac+49RPc6jtLnPQFCrn3LOj0uyXw6Nq3WM4TI=",
        "owner": "shinzui",
        "repo": "kiroku",
        "rev": "b89670c34f0fdd6aab866d1cbb069404c00f4d63",
        "type": "github"
      },
      "original": {
        "owner": "shinzui",
        "repo": "kiroku",
        "type": "github"
      }
    },
    "nixpkgs": {
      "locked": {
        "lastModified": 1772173633,
        "narHash": "sha256-MOH58F4AIbCkh6qlQcwMycyk5SWvsqnS/TCfnqDlpj4=",
        "owner": "NixOS",
        "repo": "nixpkgs",
        "rev": "c0f3d81a7ddbc2b1332be0d8481a672b4f6004d6",
        "type": "github"
      },
      "original": {
        "owner": "NixOS",
        "ref": "nixpkgs-unstable",
        "repo": "nixpkgs",
        "type": "github"
      }
    },
    "okf-src": {
      "flake": false,
      "locked": {
        "lastModified": 1787182556,
        "narHash": "sha256-viGj/gO+qjGpBJdrzXkr7iOInxRL7j8CXIeytxW2Zt8=",
        "owner": "shinzui",
        "repo": "okf",
        "rev": "3ee33e7f07d78405c88601b9df8ab0ae562e8ced",
        "type": "github"
      },
      "original": {
        "owner": "shinzui",
        "repo": "okf",
        "type": "github"
      }
    },
    "openapi-hs-src": {
      "flake": false,
      "locked": {
        "lastModified": 1784666864,
        "narHash": "sha256-2dgC1aL4L3W5ABzsvaBIT7KLSypZpGihZbdFHFfMrhs=",
        "owner": "shinzui",
        "repo": "openapi-hs",
        "rev": "06fc11713094bf39ac00353b052f4ded5a534567",
        "type": "github"
      },
      "original": {
        "owner": "shinzui",
        "repo": "openapi-hs",
        "type": "github"
      }
    },
    "pg-migrate-src": {
      "flake": false,
      "locked": {
        "lastModified": 1783976259,
        "narHash": "sha256-gtSy0iWe+pe6wEHqm8OgvwMI13jNVul+5p7q36LV64E=",
        "owner": "shinzui",
        "repo": "pg-migrate",
        "rev": "f39d64e354818999667d345a1452f33eb4857fc1",
        "type": "github"
      },
      "original": {
        "owner": "shinzui",
        "repo": "pg-migrate",
        "type": "github"
      }
    },
    "pgmq-hs-src": {
      "flake": false,
      "locked": {
        "lastModified": 1786224691,
        "narHash": "sha256-9nB0ASeoNyQCn8AoQJEhSbLaz9zsfGM/acXU+id7Qc0=",
        "owner": "shinzui",
        "repo": "pgmq-hs",
        "rev": "9ee9a2f30fc461244ed7539fbfe2165d9f80df91",
        "type": "github"
      },
      "original": {
        "owner": "shinzui",
        "repo": "pgmq-hs",
        "type": "github"
      }
    },
    "relay-pagination-src": {
      "flake": false,
      "locked": {
        "lastModified": 1784243082,
        "narHash": "sha256-kprMYSNZiexZz7AlBg3srITq6o4QagyrzNZH+OmbQwE=",
        "owner": "shinzui",
        "repo": "relay-pagination",
        "rev": "634ef07eaa27676be0edda330209f0710abb145b",
        "type": "github"
      },
      "original": {
        "owner": "shinzui",
        "repo": "relay-pagination",
        "type": "github"
      }
    },
    "root": {
      "inputs": {
        "baikai-src": "baikai-src",
        "keiki-src": "keiki-src",
        "keiro-src": "keiro-src",
        "kioku-src": "kioku-src",
        "kiroku-src": "kiroku-src",
        "nixpkgs": "nixpkgs",
        "okf-src": "okf-src",
        "openapi-hs-src": "openapi-hs-src",
        "pg-migrate-src": "pg-migrate-src",
        "pgmq-hs-src": "pgmq-hs-src",
        "relay-pagination-src": "relay-pagination-src",
        "servant-openapi-hs-src": "servant-openapi-hs-src",
        "settei-src": "settei-src",
        "shibuya-src": "shibuya-src",
        "shikumi-src": "shikumi-src"
      }
    },
    "servant-openapi-hs-src": {
      "flake": false,
      "locked": {
        "lastModified": 1784670356,
        "narHash": "sha256-4U2GKooWZyJQlCBPqrbzVrEAFdNStQPoI7ne8M8iwFY=",
        "owner": "shinzui",
        "repo": "servant-openapi-hs",
        "rev": "5eef3d48fc9c6efb5eeae1877e031bbc4e1b7190",
        "type": "github"
      },
      "original": {
        "owner": "shinzui",
        "repo": "servant-openapi-hs",
        "type": "github"
      }
    },
    "settei-src": {
      "flake": false,
      "locked": {
        "lastModified": 1784521789,
        "narHash": "sha256-bXMbbCerfobJHs45KQrjyp2H9VS4tKuK7EEFySYgJqQ=",
        "owner": "shinzui",
        "repo": "settei",
        "rev": "1bf62b0af110b4f42fe2528e9d459e0ccf12d626",
        "type": "github"
      },
      "original": {
        "owner": "shinzui",
        "repo": "settei",
        "type": "github"
      }
    },
    "shibuya-src": {
      "flake": false,
      "locked": {
        "lastModified": 1786391485,
        "narHash": "sha256-DqjTOmDS4lMkougeDhyyFIER/Etyp6nulz2NGD9I0do=",
        "owner": "shinzui",
        "repo": "shibuya",
        "rev": "daa1e0c8726bd407288bbeb065146e01a63a4046",
        "type": "github"
      },
      "original": {
        "owner": "shinzui",
        "repo": "shibuya",
        "type": "github"
      }
    },
    "shikumi-src": {
      "flake": false,
      "locked": {
        "lastModified": 1788123851,
        "narHash": "sha256-t6RvFCDyfONhJBV+MAedl8+NbC9sF3eJtb4a8fAzbac=",
        "owner": "shinzui",
        "repo": "shikumi",
        "rev": "1a9edcce84ab0aef40e4505c3f3b563ec994bbbc",
        "type": "github"
      },
      "original": {
        "owner": "shinzui",
        "repo": "shikumi",
        "type": "github"
      }
    }
  },
  "root": "root",
  "version": 7
}
